{
  "nodes": {
    "nim2nix": {
      "inputs": {
        "nixpkgs": "nixpkgs"
      },
      "locked": {
        "lastModified": 1760992074,
        "narHash": "sha256-zgiUAzcCdBwMBlGQgGrVOG9ohPloYFP1zwkHeNWfXMU=",
        "owner": "daylinmorgan",
        "repo": "nim2nix",
        "rev": "52f2e0aa6418822c97abaf48133f8e84f73e0fa6",
        "type": "github"
      },
      "original": {
        "owner": "daylinmorgan",
        "repo": "nim2nix",
        "type": "github"
      }
    },
    "nixpkgs": {
      "locked": {
        "lastModified": 1759977445,
        "narHash": "sha256-LYr4IDfuihCkFAkSYz5//gT2r1ewcWBYgd5AxPzPLIo=",
        "owner": "nixos",
        "repo": "nixpkgs",
        "rev": "2dad7af78a183b6c486702c18af8a9544f298377",
        "type": "github"
      },
      "original": {
        "owner": "nixos",
        "ref": "nixpkgs-unstable",
        "repo": "nixpkgs",
        "type": "github"
      }
    },
    "nixpkgs_2": {
      "locked": {
        "lastModified": 1760934318,
        "narHash": "sha256-/oUYsC0lUCBory65VK+UHqCCsCspbL1Vgfcf1KUYqVw=",
        "owner": "nixos",
        "repo": "nixpkgs",
        "rev": "87848bf0cc4f87717fc813a4575f07330c3e743c",
        "type": "github"
      },
      "original": {
        "owner": "nixos",
        "ref": "nixpkgs-unstable",
        "repo": "nixpkgs",
        "type": "github"
      }
    },
    "root": {
      "inputs": {
        "nim2nix": "nim2nix",
        "nixpkgs": "nixpkgs_2"
      }
    }
  },
  "root": "root",
  "version": 7
}
