{
  "items": {
    "hwylterm.daylinmorgan.github.com": {
      "dir": "$deps/hwylterm",
      "url": "https://github.com/daylinmorgan/hwylterm",
      "commit": "f6e3e6507a52cd0b068a60fb388cec352ec95784",
      "version": ""
    },
    "usu": {
      "dir": "$deps/usu",
      "url": "https://github.com/usu-dev/usu-nim",
      "commit": "c672b064c401f5cac0efa15264b02f893ce8717f",
      "version": ""
    }
  },
  "nimcfg": [
    "############# begin Atlas config section ##########",
    "--noNimblePath",
    "--path:\"deps/hwylterm/src\"",
    "--path:\"deps/usu/src\"",
    "############# end Atlas config section   ##########",
    ""
  ],
  "nimbleFile": {
    "filename": "tsm.nimble",
    "content": [
      "# Package",
      "",
      "version       = \"2025.1004\"",
      "author        = \"Daylin Morgan\"",
      "description   = \"tmux session manager\"",
      "license       = \"MIT\"",
      "srcDir        = \"src\"",
      "bin           = @[\"tsm\"]",
      "binDir        = \"bin\"",
      "",
      "# Dependencies",
      "",
      "requires \"nim >= 2.0.0\"",
      "requires \"https://github.com/daylinmorgan/hwylterm#head\"",
      "requires \"usu#head\"",
      "",
      ""
    ]
  },
  "hostOS": "linux",
  "hostCPU": "amd64",
  "nimVersion": "2.2.4",
  "gccVersion": "15.2.0",
  "clangVersion": ""
}