{
  "version": 2,
  "packages": {
    "cligen": {
      "version": "1.6.14",
      "vcsRevision": "bee21f2d0878d4eba4631fd8b67370e4778424de",
      "url": "https://github.com/c-blake/cligen.git",
      "downloadMethod": "git",
      "dependencies": [],
      "checksums": {
        "sha1": "195164d6a417c5393ee8aac1d1c2dfb0d45574b1"
      }
    },
    "illwill": {
      "version": "0.3.1",
      "vcsRevision": "2fe96f5c5a6e216e84554d92090ce3d47460667a",
      "url": "https://github.com/johnnovak/illwill",
      "downloadMethod": "git",
      "dependencies": [],
      "checksums": {
        "sha1": "ecec6c88a8f0d7e06e4ca6a4405206845357e737"
      }
    }
  },
  "tasks": {}
}
