{
  "version": 2,
  "packages": {
    "bbansi": {
      "version": "0.1.1",
      "vcsRevision": "9a85d9ed028f06f1ed1ee6851480a51408a6004e",
      "url": "https://github.com/daylinmorgan/bbansi",
      "downloadMethod": "git",
      "dependencies": [],
      "checksums": {
        "sha1": "b338433f9a7a1b788b7583674c2b14096ced29ee"
      }
    },
    "cligen": {
      "version": "1.7.0",
      "vcsRevision": "4193f802796f15559c81c6dd56724d6f20345917",
      "url": "https://github.com/c-blake/cligen.git",
      "downloadMethod": "git",
      "dependencies": [],
      "checksums": {
        "sha1": "300bd7fdb6e48d2d98e34ed0661206b50331e99c"
      }
    },
    "illwill": {
      "version": "0.4.1",
      "vcsRevision": "99a120f7f69868b94f5d35ce7e21dd12535de70c",
      "url": "https://github.com/johnnovak/illwill",
      "downloadMethod": "git",
      "dependencies": [],
      "checksums": {
        "sha1": "9c58351502f89a16caf031cbd1992ad3fdfd3c67"
      }
    },
    "usu": {
      "version": "0.1.0",
      "vcsRevision": "25574d165bb7f60900b36590bc49f3d90e47cea4",
      "url": "https://github.com/usu-dev/usu-nim",
      "downloadMethod": "git",
      "dependencies": [],
      "checksums": {
        "sha1": "61a8c13946e3eea9dbe04a6141ed93811563026c"
      }
    }
  },
  "tasks": {}
}
