{
  "version": 2,
  "packages": {
    "hwylterm": {
      "version": "0.1.0",
      "vcsRevision": "815a2877361f0583aa2ecff0e1271b1bf84ee6c9",
      "url": "https://github.com/daylinmorgan/hwylterm",
      "downloadMethod": "git",
      "dependencies": [],
      "checksums": {
        "sha1": "e07b88a3321b403fbe730f1fc58844e64c7c47aa"
      }
    },
    "usu": {
      "version": "0.1.0",
      "vcsRevision": "ab2406bd5b857f44c9ebee8ed5f7287b30e089dd",
      "url": "https://github.com/usu-dev/usu-nim",
      "downloadMethod": "git",
      "dependencies": [],
      "checksums": {
        "sha1": "f9414616e9e7b225257b78caeb7438a52347f010"
      }
    }
  },
  "tasks": {}
}
